
Microsoft Visual Studio Solution File, Format Version 12.00
# Visual Studio Version 16
VisualStudioVersion = 16.0.30503.244
MinimumVisualStudioVersion = 10.0.40219.1
Project("{FAE04EC0-301F-11D3-BF4B-00C04F79EFBC}") = "Riddha.CourierMS.Android", "Riddha.CourierMS\Riddha.CourierMS.Android\Riddha.CourierMS.Android.csproj", "{85C263F5-198F-46D0-95EC-E36CA2116A9B}"
EndProject
Project("{FAE04EC0-301F-11D3-BF4B-00C04F79EFBC}") = "Riddha.CourierMS.iOS", "Riddha.CourierMS\Riddha.CourierMS.iOS\Riddha.CourierMS.iOS.csproj", "{CDF4B7BF-6855-4CBB-9125-34646A92D7F8}"
EndProject
Project("{9A19103F-16F7-4668-BE54-9A1E7A4F7556}") = "Riddha.CourierMS", "Riddha.CourierMS\Riddha.CourierMS\Riddha.CourierMS.csproj", "{8F3B8E5D-27AA-4479-891A-B818276EE1CD}"
EndProject
Project("{2150E333-8FDC-42A3-9474-1A3956D46DE8}") = "DB", "DB", "{3133507D-8C81-41A3-8539-A4FB78C89548}"
EndProject
Project("{9A19103F-16F7-4668-BE54-9A1E7A4F7556}") = "Riddha.CourierMS.DB", "Riddha.CourierMS.DB\Riddha.CourierMS.DB.csproj", "{6E2BE5F8-8A92-4DF5-BA1D-99D893885B13}"
EndProject
Project("{2150E333-8FDC-42A3-9474-1A3956D46DE8}") = "Models", "Models", "{E7F1D3DE-88A0-4112-924F-A44A8DF60284}"
EndProject
Project("{FAE04EC0-301F-11D3-BF4B-00C04F79EFBC}") = "Riddha.CourierMS.Common.Model", "Riddha.CourierMS.Common.Model\Riddha.CourierMS.Common.Model.csproj", "{5BA5B116-51F9-4DA4-8458-79F71A179886}"
EndProject
Project("{FAE04EC0-301F-11D3-BF4B-00C04F79EFBC}") = "Riddha.CourierMS.Model", "Riddha.CourierMS.Model\Riddha.CourierMS.Model.csproj", "{57E7B160-8245-41CF-93B1-EF3711F548A3}"
EndProject
Project("{2150E333-8FDC-42A3-9474-1A3956D46DE8}") = "Services", "Services", "{BB28FAA0-EA6F-4D66-90B1-DA219E903736}"
EndProject
Project("{FAE04EC0-301F-11D3-BF4B-00C04F79EFBC}") = "Riddha.CourierMS.Services", "Riddha.CourierMS.Services\Riddha.CourierMS.Services.csproj", "{E68860A7-C777-46C1-AD92-58661DA5A4C4}"
EndProject
Project("{FAE04EC0-301F-11D3-BF4B-00C04F79EFBC}") = "Riddha.CourierMS.Common.Services", "Riddha.CourierMS.Common.Services\Riddha.CourierMS.Common.Services.csproj", "{089509B8-0B60-4C81-AEB9-FF472E595413}"
EndProject
Global
	GlobalSection(SolutionConfigurationPlatforms) = preSolution
		Debug|Any CPU = Debug|Any CPU
		Debug|iPhone = Debug|iPhone
		Debug|iPhoneSimulator = Debug|iPhoneSimulator
		Release|Any CPU = Release|Any CPU
		Release|iPhone = Release|iPhone
		Release|iPhoneSimulator = Release|iPhoneSimulator
	EndGlobalSection
	GlobalSection(ProjectConfigurationPlatforms) = postSolution
		{85C263F5-198F-46D0-95EC-E36CA2116A9B}.Debug|Any CPU.ActiveCfg = Debug|Any CPU
		{85C263F5-198F-46D0-95EC-E36CA2116A9B}.Debug|Any CPU.Build.0 = Debug|Any CPU
		{85C263F5-198F-46D0-95EC-E36CA2116A9B}.Debug|Any CPU.Deploy.0 = Debug|Any CPU
		{85C263F5-198F-46D0-95EC-E36CA2116A9B}.Debug|iPhone.ActiveCfg = Debug|Any CPU
		{85C263F5-198F-46D0-95EC-E36CA2116A9B}.Debug|iPhone.Build.0 = Debug|Any CPU
		{85C263F5-198F-46D0-95EC-E36CA2116A9B}.Debug|iPhone.Deploy.0 = Debug|Any CPU
		{85C263F5-198F-46D0-95EC-E36CA2116A9B}.Debug|iPhoneSimulator.ActiveCfg = Debug|Any CPU
		{85C263F5-198F-46D0-95EC-E36CA2116A9B}.Debug|iPhoneSimulator.Build.0 = Debug|Any CPU
		{85C263F5-198F-46D0-95EC-E36CA2116A9B}.Debug|iPhoneSimulator.Deploy.0 = Debug|Any CPU
		{85C263F5-198F-46D0-95EC-E36CA2116A9B}.Release|Any CPU.ActiveCfg = Release|Any CPU
		{85C263F5-198F-46D0-95EC-E36CA2116A9B}.Release|Any CPU.Build.0 = Release|Any CPU
		{85C263F5-198F-46D0-95EC-E36CA2116A9B}.Release|Any CPU.Deploy.0 = Release|Any CPU
		{85C263F5-198F-46D0-95EC-E36CA2116A9B}.Release|iPhone.ActiveCfg = Release|Any CPU
		{85C263F5-198F-46D0-95EC-E36CA2116A9B}.Release|iPhone.Build.0 = Release|Any CPU
		{85C263F5-198F-46D0-95EC-E36CA2116A9B}.Release|iPhone.Deploy.0 = Release|Any CPU
		{85C263F5-198F-46D0-95EC-E36CA2116A9B}.Release|iPhoneSimulator.ActiveCfg = Release|Any CPU
		{85C263F5-198F-46D0-95EC-E36CA2116A9B}.Release|iPhoneSimulator.Build.0 = Release|Any CPU
		{85C263F5-198F-46D0-95EC-E36CA2116A9B}.Release|iPhoneSimulator.Deploy.0 = Release|Any CPU
		{CDF4B7BF-6855-4CBB-9125-34646A92D7F8}.Debug|Any CPU.ActiveCfg = Debug|iPhone
		{CDF4B7BF-6855-4CBB-9125-34646A92D7F8}.Debug|Any CPU.Build.0 = Debug|iPhone
		{CDF4B7BF-6855-4CBB-9125-34646A92D7F8}.Debug|Any CPU.Deploy.0 = Debug|iPhone
		{CDF4B7BF-6855-4CBB-9125-34646A92D7F8}.Debug|iPhone.ActiveCfg = Debug|iPhone
		{CDF4B7BF-6855-4CBB-9125-34646A92D7F8}.Debug|iPhone.Build.0 = Debug|iPhone
		{CDF4B7BF-6855-4CBB-9125-34646A92D7F8}.Debug|iPhone.Deploy.0 = Debug|iPhone
		{CDF4B7BF-6855-4CBB-9125-34646A92D7F8}.Debug|iPhoneSimulator.ActiveCfg = Debug|iPhoneSimulator
		{CDF4B7BF-6855-4CBB-9125-34646A92D7F8}.Debug|iPhoneSimulator.Build.0 = Debug|iPhoneSimulator
		{CDF4B7BF-6855-4CBB-9125-34646A92D7F8}.Debug|iPhoneSimulator.Deploy.0 = Debug|iPhoneSimulator
		{CDF4B7BF-6855-4CBB-9125-34646A92D7F8}.Release|Any CPU.ActiveCfg = Release|iPhoneSimulator
		{CDF4B7BF-6855-4CBB-9125-34646A92D7F8}.Release|Any CPU.Build.0 = Release|iPhoneSimulator
		{CDF4B7BF-6855-4CBB-9125-34646A92D7F8}.Release|Any CPU.Deploy.0 = Release|iPhoneSimulator
		{CDF4B7BF-6855-4CBB-9125-34646A92D7F8}.Release|iPhone.ActiveCfg = Release|iPhone
		{CDF4B7BF-6855-4CBB-9125-34646A92D7F8}.Release|iPhone.Build.0 = Release|iPhone
		{CDF4B7BF-6855-4CBB-9125-34646A92D7F8}.Release|iPhone.Deploy.0 = Release|iPhone
		{CDF4B7BF-6855-4CBB-9125-34646A92D7F8}.Release|iPhoneSimulator.ActiveCfg = Release|iPhoneSimulator
		{CDF4B7BF-6855-4CBB-9125-34646A92D7F8}.Release|iPhoneSimulator.Build.0 = Release|iPhoneSimulator
		{CDF4B7BF-6855-4CBB-9125-34646A92D7F8}.Release|iPhoneSimulator.Deploy.0 = Release|iPhoneSimulator
		{8F3B8E5D-27AA-4479-891A-B818276EE1CD}.Debug|Any CPU.ActiveCfg = Debug|Any CPU
		{8F3B8E5D-27AA-4479-891A-B818276EE1CD}.Debug|Any CPU.Build.0 = Debug|Any CPU
		{8F3B8E5D-27AA-4479-891A-B818276EE1CD}.Debug|Any CPU.Deploy.0 = Debug|Any CPU
		{8F3B8E5D-27AA-4479-891A-B818276EE1CD}.Debug|iPhone.ActiveCfg = Debug|Any CPU
		{8F3B8E5D-27AA-4479-891A-B818276EE1CD}.Debug|iPhone.Build.0 = Debug|Any CPU
		{8F3B8E5D-27AA-4479-891A-B818276EE1CD}.Debug|iPhone.Deploy.0 = Debug|Any CPU
		{8F3B8E5D-27AA-4479-891A-B818276EE1CD}.Debug|iPhoneSimulator.ActiveCfg = Debug|Any CPU
		{8F3B8E5D-27AA-4479-891A-B818276EE1CD}.Debug|iPhoneSimulator.Build.0 = Debug|Any CPU
		{8F3B8E5D-27AA-4479-891A-B818276EE1CD}.Debug|iPhoneSimulator.Deploy.0 = Debug|Any CPU
		{8F3B8E5D-27AA-4479-891A-B818276EE1CD}.Release|Any CPU.ActiveCfg = Release|Any CPU
		{8F3B8E5D-27AA-4479-891A-B818276EE1CD}.Release|Any CPU.Build.0 = Release|Any CPU
		{8F3B8E5D-27AA-4479-891A-B818276EE1CD}.Release|Any CPU.Deploy.0 = Release|Any CPU
		{8F3B8E5D-27AA-4479-891A-B818276EE1CD}.Release|iPhone.ActiveCfg = Release|Any CPU
		{8F3B8E5D-27AA-4479-891A-B818276EE1CD}.Release|iPhone.Build.0 = Release|Any CPU
		{8F3B8E5D-27AA-4479-891A-B818276EE1CD}.Release|iPhone.Deploy.0 = Release|Any CPU
		{8F3B8E5D-27AA-4479-891A-B818276EE1CD}.Release|iPhoneSimulator.ActiveCfg = Release|Any CPU
		{8F3B8E5D-27AA-4479-891A-B818276EE1CD}.Release|iPhoneSimulator.Build.0 = Release|Any CPU
		{8F3B8E5D-27AA-4479-891A-B818276EE1CD}.Release|iPhoneSimulator.Deploy.0 = Release|Any CPU
		{6E2BE5F8-8A92-4DF5-BA1D-99D893885B13}.Debug|Any CPU.ActiveCfg = Debug|Any CPU
		{6E2BE5F8-8A92-4DF5-BA1D-99D893885B13}.Debug|Any CPU.Build.0 = Debug|Any CPU
		{6E2BE5F8-8A92-4DF5-BA1D-99D893885B13}.Debug|iPhone.ActiveCfg = Debug|Any CPU
		{6E2BE5F8-8A92-4DF5-BA1D-99D893885B13}.Debug|iPhone.Build.0 = Debug|Any CPU
		{6E2BE5F8-8A92-4DF5-BA1D-99D893885B13}.Debug|iPhoneSimulator.ActiveCfg = Debug|Any CPU
		{6E2BE5F8-8A92-4DF5-BA1D-99D893885B13}.Debug|iPhoneSimulator.Build.0 = Debug|Any CPU
		{6E2BE5F8-8A92-4DF5-BA1D-99D893885B13}.Release|Any CPU.ActiveCfg = Release|Any CPU
		{6E2BE5F8-8A92-4DF5-BA1D-99D893885B13}.Release|Any CPU.Build.0 = Release|Any CPU
		{6E2BE5F8-8A92-4DF5-BA1D-99D893885B13}.Release|iPhone.ActiveCfg = Release|Any CPU
		{6E2BE5F8-8A92-4DF5-BA1D-99D893885B13}.Release|iPhone.Build.0 = Release|Any CPU
		{6E2BE5F8-8A92-4DF5-BA1D-99D893885B13}.Release|iPhoneSimulator.ActiveCfg = Release|Any CPU
		{6E2BE5F8-8A92-4DF5-BA1D-99D893885B13}.Release|iPhoneSimulator.Build.0 = Release|Any CPU
		{5BA5B116-51F9-4DA4-8458-79F71A179886}.Debug|Any CPU.ActiveCfg = Debug|Any CPU
		{5BA5B116-51F9-4DA4-8458-79F71A179886}.Debug|Any CPU.Build.0 = Debug|Any CPU
		{5BA5B116-51F9-4DA4-8458-79F71A179886}.Debug|iPhone.ActiveCfg = Debug|Any CPU
		{5BA5B116-51F9-4DA4-8458-79F71A179886}.Debug|iPhone.Build.0 = Debug|Any CPU
		{5BA5B116-51F9-4DA4-8458-79F71A179886}.Debug|iPhoneSimulator.ActiveCfg = Debug|Any CPU
		{5BA5B116-51F9-4DA4-8458-79F71A179886}.Debug|iPhoneSimulator.Build.0 = Debug|Any CPU
		{5BA5B116-51F9-4DA4-8458-79F71A179886}.Release|Any CPU.ActiveCfg = Release|Any CPU
		{5BA5B116-51F9-4DA4-8458-79F71A179886}.Release|Any CPU.Build.0 = Release|Any CPU
		{5BA5B116-51F9-4DA4-8458-79F71A179886}.Release|iPhone.ActiveCfg = Release|Any CPU
		{5BA5B116-51F9-4DA4-8458-79F71A179886}.Release|iPhone.Build.0 = Release|Any CPU
		{5BA5B116-51F9-4DA4-8458-79F71A179886}.Release|iPhoneSimulator.ActiveCfg = Release|Any CPU
		{5BA5B116-51F9-4DA4-8458-79F71A179886}.Release|iPhoneSimulator.Build.0 = Release|Any CPU
		{57E7B160-8245-41CF-93B1-EF3711F548A3}.Debug|Any CPU.ActiveCfg = Debug|Any CPU
		{57E7B160-8245-41CF-93B1-EF3711F548A3}.Debug|Any CPU.Build.0 = Debug|Any CPU
		{57E7B160-8245-41CF-93B1-EF3711F548A3}.Debug|iPhone.ActiveCfg = Debug|Any CPU
		{57E7B160-8245-41CF-93B1-EF3711F548A3}.Debug|iPhone.Build.0 = Debug|Any CPU
		{57E7B160-8245-41CF-93B1-EF3711F548A3}.Debug|iPhoneSimulator.ActiveCfg = Debug|Any CPU
		{57E7B160-8245-41CF-93B1-EF3711F548A3}.Debug|iPhoneSimulator.Build.0 = Debug|Any CPU
		{57E7B160-8245-41CF-93B1-EF3711F548A3}.Release|Any CPU.ActiveCfg = Release|Any CPU
		{57E7B160-8245-41CF-93B1-EF3711F548A3}.Release|Any CPU.Build.0 = Release|Any CPU
		{57E7B160-8245-41CF-93B1-EF3711F548A3}.Release|iPhone.ActiveCfg = Release|Any CPU
		{57E7B160-8245-41CF-93B1-EF3711F548A3}.Release|iPhone.Build.0 = Release|Any CPU
		{57E7B160-8245-41CF-93B1-EF3711F548A3}.Release|iPhoneSimulator.ActiveCfg = Release|Any CPU
		{57E7B160-8245-41CF-93B1-EF3711F548A3}.Release|iPhoneSimulator.Build.0 = Release|Any CPU
		{E68860A7-C777-46C1-AD92-58661DA5A4C4}.Debug|Any CPU.ActiveCfg = Debug|Any CPU
		{E68860A7-C777-46C1-AD92-58661DA5A4C4}.Debug|Any CPU.Build.0 = Debug|Any CPU
		{E68860A7-C777-46C1-AD92-58661DA5A4C4}.Debug|iPhone.ActiveCfg = Debug|Any CPU
		{E68860A7-C777-46C1-AD92-58661DA5A4C4}.Debug|iPhone.Build.0 = Debug|Any CPU
		{E68860A7-C777-46C1-AD92-58661DA5A4C4}.Debug|iPhoneSimulator.ActiveCfg = Debug|Any CPU
		{E68860A7-C777-46C1-AD92-58661DA5A4C4}.Debug|iPhoneSimulator.Build.0 = Debug|Any CPU
		{E68860A7-C777-46C1-AD92-58661DA5A4C4}.Release|Any CPU.ActiveCfg = Release|Any CPU
		{E68860A7-C777-46C1-AD92-58661DA5A4C4}.Release|Any CPU.Build.0 = Release|Any CPU
		{E68860A7-C777-46C1-AD92-58661DA5A4C4}.Release|iPhone.ActiveCfg = Release|Any CPU
		{E68860A7-C777-46C1-AD92-58661DA5A4C4}.Release|iPhone.Build.0 = Release|Any CPU
		{E68860A7-C777-46C1-AD92-58661DA5A4C4}.Release|iPhoneSimulator.ActiveCfg = Release|Any CPU
		{E68860A7-C777-46C1-AD92-58661DA5A4C4}.Release|iPhoneSimulator.Build.0 = Release|Any CPU
		{089509B8-0B60-4C81-AEB9-FF472E595413}.Debug|Any CPU.ActiveCfg = Debug|Any CPU
		{089509B8-0B60-4C81-AEB9-FF472E595413}.Debug|Any CPU.Build.0 = Debug|Any CPU
		{089509B8-0B60-4C81-AEB9-FF472E595413}.Debug|iPhone.ActiveCfg = Debug|Any CPU
		{089509B8-0B60-4C81-AEB9-FF472E595413}.Debug|iPhone.Build.0 = Debug|Any CPU
		{089509B8-0B60-4C81-AEB9-FF472E595413}.Debug|iPhoneSimulator.ActiveCfg = Debug|Any CPU
		{089509B8-0B60-4C81-AEB9-FF472E595413}.Debug|iPhoneSimulator.Build.0 = Debug|Any CPU
		{089509B8-0B60-4C81-AEB9-FF472E595413}.Release|Any CPU.ActiveCfg = Release|Any CPU
		{089509B8-0B60-4C81-AEB9-FF472E595413}.Release|Any CPU.Build.0 = Release|Any CPU
		{089509B8-0B60-4C81-AEB9-FF472E595413}.Release|iPhone.ActiveCfg = Release|Any CPU
		{089509B8-0B60-4C81-AEB9-FF472E595413}.Release|iPhone.Build.0 = Release|Any CPU
		{089509B8-0B60-4C81-AEB9-FF472E595413}.Release|iPhoneSimulator.ActiveCfg = Release|Any CPU
		{089509B8-0B60-4C81-AEB9-FF472E595413}.Release|iPhoneSimulator.Build.0 = Release|Any CPU
	EndGlobalSection
	GlobalSection(SolutionProperties) = preSolution
		HideSolutionNode = FALSE
	EndGlobalSection
	GlobalSection(NestedProjects) = preSolution
		{6E2BE5F8-8A92-4DF5-BA1D-99D893885B13} = {3133507D-8C81-41A3-8539-A4FB78C89548}
		{5BA5B116-51F9-4DA4-8458-79F71A179886} = {E7F1D3DE-88A0-4112-924F-A44A8DF60284}
		{57E7B160-8245-41CF-93B1-EF3711F548A3} = {E7F1D3DE-88A0-4112-924F-A44A8DF60284}
		{E68860A7-C777-46C1-AD92-58661DA5A4C4} = {BB28FAA0-EA6F-4D66-90B1-DA219E903736}
		{089509B8-0B60-4C81-AEB9-FF472E595413} = {BB28FAA0-EA6F-4D66-90B1-DA219E903736}
	EndGlobalSection
	GlobalSection(ExtensibilityGlobals) = postSolution
		SolutionGuid = {4393F040-07B9-478E-8F9E-415DFB307FE3}
	EndGlobalSection
EndGlobal
